lockfileVersion: 5.4

specifiers:
  typescript: ^6.0.0

dependencies:
  typescript: 6.0.3

packages:

  /typescript/6.0.3:
    resolution: {integrity: sha512-y2TvuxSZPDyQakkFRPZHKFm+KKVqIisdg9/CZwm9ftvKXLP8NRWj38/ODjNbr43SsoXqNuAisEf1GdCxqWcdBw==}
    engines: {node: '>=14.17'}
    hasBin: true
    dev: false
